
Microsoft Visual Studio Solution File, Format Version 12.00
# Visual Studio Version 17
VisualStudioVersion = 17.3.32929.385
MinimumVisualStudioVersion = 10.0.40219.1
Project("{FAE04EC0-301F-11D3-BF4B-00C04F79EFBC}") = "Vendas", "Vendas.csproj", "{BE8B3951-D635-4ED1-8486-DE3370571D9D}"
EndProject
Global
	GlobalSection(SolutionConfigurationPlatforms) = preSolution
		Debug|Any CPU = Debug|Any CPU
		Release|Any CPU = Release|Any CPU
	EndGlobalSection
	GlobalSection(ProjectConfigurationPlatforms) = postSolution
		{BE8B3951-D635-4ED1-8486-DE3370571D9D}.Debug|Any CPU.ActiveCfg = Debug|Any CPU
		{BE8B3951-D635-4ED1-8486-DE3370571D9D}.Debug|Any CPU.Build.0 = Debug|Any CPU
		{BE8B3951-D635-4ED1-8486-DE3370571D9D}.Release|Any CPU.ActiveCfg = Release|Any CPU
		{BE8B3951-D635-4ED1-8486-DE3370571D9D}.Release|Any CPU.Build.0 = Release|Any CPU
	EndGlobalSection
	GlobalSection(SolutionProperties) = preSolution
		HideSolutionNode = FALSE
	EndGlobalSection
	GlobalSection(ExtensibilityGlobals) = postSolution
		SolutionGuid = {36A84E24-A708-4586-A04D-9337CCC4D674}
	EndGlobalSection
EndGlobal
